// !$*UTF8*$!
{
	archiveVersion = 1;
	classes = {
	};
	objectVersion = 51;
	objects = {

/* Begin PBXBuildFile section */
		6E98ACE62BE0A1EFD51C7FEF /* Pods_HirenPrectical.framework in Frameworks */ = {isa = PBXBuildFile; fileRef = 39315A7978F4C2C909DA3A14 /* Pods_HirenPrectical.framework */; };
		AC83BFC426D3DD9600513A07 /* AppDelegate.swift in Sources */ = {isa = PBXBuildFile; fileRef = AC83BFC326D3DD9600513A07 /* AppDelegate.swift */; };
		AC83BFC626D3DD9600513A07 /* SceneDelegate.swift in Sources */ = {isa = PBXBuildFile; fileRef = AC83BFC526D3DD9600513A07 /* SceneDelegate.swift */; };
		AC83BFC826D3DD9600513A07 /* ViewController.swift in Sources */ = {isa = PBXBuildFile; fileRef = AC83BFC726D3DD9600513A07 /* ViewController.swift */; };
		AC83BFCB26D3DD9600513A07 /* Main.storyboard in Resources */ = {isa = PBXBuildFile; fileRef = AC83BFC926D3DD9600513A07 /* Main.storyboard */; };
		AC83BFCD26D3DD9800513A07 /* Assets.xcassets in Resources */ = {isa = PBXBuildFile; fileRef = AC83BFCC26D3DD9800513A07 /* Assets.xcassets */; };
		AC83BFD026D3DD9800513A07 /* LaunchScreen.storyboard in Resources */ = {isa = PBXBuildFile; fileRef = AC83BFCE26D3DD9800513A07 /* LaunchScreen.storyboard */; };
		AC83BFE626D3E07700513A07 /* ChicagoCityVC.swift in Sources */ = {isa = PBXBuildFile; fileRef = AC83BFE526D3E07700513A07 /* ChicagoCityVC.swift */; };
		AC83BFEA26D3E08700513A07 /* LosAngelesCityVC.swift in Sources */ = {isa = PBXBuildFile; fileRef = AC83BFE926D3E08700513A07 /* LosAngelesCityVC.swift */; };
		AC83BFED26D3E09A00513A07 /* NewYorkCityVC.swift in Sources */ = {isa = PBXBuildFile; fileRef = AC83BFEC26D3E09A00513A07 /* NewYorkCityVC.swift */; };
		AC83BFF026D3E0AA00513A07 /* AllCityVC.swift in Sources */ = {isa = PBXBuildFile; fileRef = AC83BFEF26D3E0AA00513A07 /* AllCityVC.swift */; };
		AC83C04226D3E1C100513A07 /* AllCityCell.swift in Sources */ = {isa = PBXBuildFile; fileRef = AC83C04126D3E1C100513A07 /* AllCityCell.swift */; };
		AC83C04526D3E1D000513A07 /* AllCityCell.xib in Resources */ = {isa = PBXBuildFile; fileRef = AC83C04426D3E1D000513A07 /* AllCityCell.xib */; };
		AC83C04B26D3E1F600513A07 /* AllCityModel.swift in Sources */ = {isa = PBXBuildFile; fileRef = AC83C04A26D3E1F600513A07 /* AllCityModel.swift */; };
		AC83C04F26D3E22B00513A07 /* Global.swift in Sources */ = {isa = PBXBuildFile; fileRef = AC83C04E26D3E22B00513A07 /* Global.swift */; };
		AC83C06A26D3E6FF00513A07 /* Helper.swift in Sources */ = {isa = PBXBuildFile; fileRef = AC83C06926D3E6FF00513A07 /* Helper.swift */; };
/* End PBXBuildFile section */

/* Begin PBXFileReference section */
		0A78BE09B9A0B3D7EDDE4AE4 /* Pods-HirenPrectical.release.xcconfig */ = {isa = PBXFileReference; includeInIndex = 1; lastKnownFileType = text.xcconfig; name = "Pods-HirenPrectical.release.xcconfig"; path = "Target Support Files/Pods-HirenPrectical/Pods-HirenPrectical.release.xcconfig"; sourceTree = "<group>"; };
		39315A7978F4C2C909DA3A14 /* Pods_HirenPrectical.framework */ = {isa = PBXFileReference; explicitFileType = wrapper.framework; includeInIndex = 0; path = Pods_HirenPrectical.framework; sourceTree = BUILT_PRODUCTS_DIR; };
		4CC5AF79C277CF8FE40F2B72 /* Pods-HirenPrectical.debug.xcconfig */ = {isa = PBXFileReference; includeInIndex = 1; lastKnownFileType = text.xcconfig; name = "Pods-HirenPrectical.debug.xcconfig"; path = "Target Support Files/Pods-HirenPrectical/Pods-HirenPrectical.debug.xcconfig"; sourceTree = "<group>"; };
		AC83BFC026D3DD9600513A07 /* HirenPrectical.app */ = {isa = PBXFileReference; explicitFileType = wrapper.application; includeInIndex = 0; path = HirenPrectical.app; sourceTree = BUILT_PRODUCTS_DIR; };
		AC83BFC326D3DD9600513A07 /* AppDelegate.swift */ = {isa = PBXFileReference; lastKnownFileType = sourcecode.swift; path = AppDelegate.swift; sourceTree = "<group>"; };
		AC83BFC526D3DD9600513A07 /* SceneDelegate.swift */ = {isa = PBXFileReference; lastKnownFileType = sourcecode.swift; path = SceneDelegate.swift; sourceTree = "<group>"; };
		AC83BFC726D3DD9600513A07 /* ViewController.swift */ = {isa = PBXFileReference; lastKnownFileType = sourcecode.swift; path = ViewController.swift; sourceTree = "<group>"; };
		AC83BFCA26D3DD9600513A07 /* Base */ = {isa = PBXFileReference; lastKnownFileType = file.storyboard; name = Base; path = Base.lproj/Main.storyboard; sourceTree = "<group>"; };
		AC83BFCC26D3DD9800513A07 /* Assets.xcassets */ = {isa = PBXFileReference; lastKnownFileType = folder.assetcatalog; path = Assets.xcassets; sourceTree = "<group>"; };
		AC83BFCF26D3DD9800513A07 /* Base */ = {isa = PBXFileReference; lastKnownFileType = file.storyboard; name = Base; path = Base.lproj/LaunchScreen.storyboard; sourceTree = "<group>"; };
		AC83BFD126D3DD9800513A07 /* Info.plist */ = {isa = PBXFileReference; lastKnownFileType = text.plist.xml; path = Info.plist; sourceTree = "<group>"; };
		AC83BFE526D3E07700513A07 /* ChicagoCityVC.swift */ = {isa = PBXFileReference; lastKnownFileType = sourcecode.swift; path = ChicagoCityVC.swift; sourceTree = "<group>"; };
		AC83BFE926D3E08700513A07 /* LosAngelesCityVC.swift */ = {isa = PBXFileReference; lastKnownFileType = sourcecode.swift; path = LosAngelesCityVC.swift; sourceTree = "<group>"; };
		AC83BFEC26D3E09A00513A07 /* NewYorkCityVC.swift */ = {isa = PBXFileReference; lastKnownFileType = sourcecode.swift; path = NewYorkCityVC.swift; sourceTree = "<group>"; };
		AC83BFEF26D3E0AA00513A07 /* AllCityVC.swift */ = {isa = PBXFileReference; lastKnownFileType = sourcecode.swift; path = AllCityVC.swift; sourceTree = "<group>"; };
		AC83C04126D3E1C100513A07 /* AllCityCell.swift */ = {isa = PBXFileReference; fileEncoding = 4; lastKnownFileType = sourcecode.swift; path = AllCityCell.swift; sourceTree = "<group>"; };
		AC83C04426D3E1D000513A07 /* AllCityCell.xib */ = {isa = PBXFileReference; fileEncoding = 4; lastKnownFileType = file.xib; path = AllCityCell.xib; sourceTree = "<group>"; };
		AC83C04A26D3E1F600513A07 /* AllCityModel.swift */ = {isa = PBXFileReference; fileEncoding = 4; lastKnownFileType = sourcecode.swift; path = AllCityModel.swift; sourceTree = "<group>"; };
		AC83C04E26D3E22B00513A07 /* Global.swift */ = {isa = PBXFileReference; fileEncoding = 4; lastKnownFileType = sourcecode.swift; path = Global.swift; sourceTree = "<group>"; };
		AC83C06926D3E6FF00513A07 /* Helper.swift */ = {isa = PBXFileReference; lastKnownFileType = sourcecode.swift; path = Helper.swift; sourceTree = "<group>"; };
/* End PBXFileReference section */

/* Begin PBXFrameworksBuildPhase section */
		AC83BFBD26D3DD9600513A07 /* Frameworks */ = {
			isa = PBXFrameworksBuildPhase;
			buildActionMask = 2147483647;
			files = (
				6E98ACE62BE0A1EFD51C7FEF /* Pods_HirenPrectical.framework in Frameworks */,
			);
			runOnlyForDeploymentPostprocessing = 0;
		};
/* End PBXFrameworksBuildPhase section */

/* Begin PBXGroup section */
		AC83BFB726D3DD9600513A07 = {
			isa = PBXGroup;
			children = (
				AC83BFC226D3DD9600513A07 /* HirenPrectical */,
				AC83BFC126D3DD9600513A07 /* Products */,
				BA57BABFB72085D9572E47A2 /* Pods */,
				E4FE1779D723431AE8073153 /* Frameworks */,
			);
			sourceTree = "<group>";
		};
		AC83BFC126D3DD9600513A07 /* Products */ = {
			isa = PBXGroup;
			children = (
				AC83BFC026D3DD9600513A07 /* HirenPrectical.app */,
			);
			name = Products;
			sourceTree = "<group>";
		};
		AC83BFC226D3DD9600513A07 /* HirenPrectical */ = {
			isa = PBXGroup;
			children = (
				AC83C05D26D3E64B00513A07 /* Utilis */,
				AC83C04D26D3E1FF00513A07 /* Model */,
				AC83BFDB26D3DEDA00513A07 /* StoryBoard */,
				AC83BFDA26D3DEBA00513A07 /* ViewController */,
				AC83BFD926D3DEAA00513A07 /* ScaneDelegate */,
				AC83BFD826D3DE9E00513A07 /* AppDelegate */,
				AC83BFCC26D3DD9800513A07 /* Assets.xcassets */,
				AC83BFD126D3DD9800513A07 /* Info.plist */,
			);
			path = HirenPrectical;
			sourceTree = "<group>";
		};
		AC83BFD826D3DE9E00513A07 /* AppDelegate */ = {
			isa = PBXGroup;
			children = (
				AC83BFC326D3DD9600513A07 /* AppDelegate.swift */,
			);
			path = AppDelegate;
			sourceTree = "<group>";
		};
		AC83BFD926D3DEAA00513A07 /* ScaneDelegate */ = {
			isa = PBXGroup;
			children = (
				AC83BFC526D3DD9600513A07 /* SceneDelegate.swift */,
			);
			path = ScaneDelegate;
			sourceTree = "<group>";
		};
		AC83BFDA26D3DEBA00513A07 /* ViewController */ = {
			isa = PBXGroup;
			children = (
				AC83BFE426D3E05E00513A07 /* ChicagoCityVC */,
				AC83BFE326D3E03700513A07 /* LosAngelesCityVC */,
				AC83BFE226D3E02300513A07 /* NewYorkCityVC */,
				AC83BFE126D3E01700513A07 /* AllCityVC */,
				AC83BFC726D3DD9600513A07 /* ViewController.swift */,
			);
			path = ViewController;
			sourceTree = "<group>";
		};
		AC83BFDB26D3DEDA00513A07 /* StoryBoard */ = {
			isa = PBXGroup;
			children = (
				AC83BFCE26D3DD9800513A07 /* LaunchScreen.storyboard */,
				AC83BFC926D3DD9600513A07 /* Main.storyboard */,
			);
			path = StoryBoard;
			sourceTree = "<group>";
		};
		AC83BFE126D3E01700513A07 /* AllCityVC */ = {
			isa = PBXGroup;
			children = (
				AC83C03826D3E18000513A07 /* AllCityCell */,
				AC83BFEF26D3E0AA00513A07 /* AllCityVC.swift */,
			);
			path = AllCityVC;
			sourceTree = "<group>";
		};
		AC83BFE226D3E02300513A07 /* NewYorkCityVC */ = {
			isa = PBXGroup;
			children = (
				AC83BFEC26D3E09A00513A07 /* NewYorkCityVC.swift */,
			);
			path = NewYorkCityVC;
			sourceTree = "<group>";
		};
		AC83BFE326D3E03700513A07 /* LosAngelesCityVC */ = {
			isa = PBXGroup;
			children = (
				AC83BFE926D3E08700513A07 /* LosAngelesCityVC.swift */,
			);
			path = LosAngelesCityVC;
			sourceTree = "<group>";
		};
		AC83BFE426D3E05E00513A07 /* ChicagoCityVC */ = {
			isa = PBXGroup;
			children = (
				AC83BFE526D3E07700513A07 /* ChicagoCityVC.swift */,
			);
			path = ChicagoCityVC;
			sourceTree = "<group>";
		};
		AC83C03826D3E18000513A07 /* AllCityCell */ = {
			isa = PBXGroup;
			children = (
				AC83C04126D3E1C100513A07 /* AllCityCell.swift */,
				AC83C04426D3E1D000513A07 /* AllCityCell.xib */,
			);
			path = AllCityCell;
			sourceTree = "<group>";
		};
		AC83C04D26D3E1FF00513A07 /* Model */ = {
			isa = PBXGroup;
			children = (
				AC83C04A26D3E1F600513A07 /* AllCityModel.swift */,
			);
			path = Model;
			sourceTree = "<group>";
		};
		AC83C05D26D3E64B00513A07 /* Utilis */ = {
			isa = PBXGroup;
			children = (
				AC83C04E26D3E22B00513A07 /* Global.swift */,
				AC83C06926D3E6FF00513A07 /* Helper.swift */,
			);
			path = Utilis;
			sourceTree = "<group>";
		};
		BA57BABFB72085D9572E47A2 /* Pods */ = {
			isa = PBXGroup;
			children = (
				4CC5AF79C277CF8FE40F2B72 /* Pods-HirenPrectical.debug.xcconfig */,
				0A78BE09B9A0B3D7EDDE4AE4 /* Pods-HirenPrectical.release.xcconfig */,
			);
			path = Pods;
			sourceTree = "<group>";
		};
		E4FE1779D723431AE8073153 /* Frameworks */ = {
			isa = PBXGroup;
			children = (
				39315A7978F4C2C909DA3A14 /* Pods_HirenPrectical.framework */,
			);
			name = Frameworks;
			sourceTree = "<group>";
		};
/* End PBXGroup section */

/* Begin PBXNativeTarget section */
		AC83BFBF26D3DD9600513A07 /* HirenPrectical */ = {
			isa = PBXNativeTarget;
			buildConfigurationList = AC83BFD426D3DD9800513A07 /* Build configuration list for PBXNativeTarget "HirenPrectical" */;
			buildPhases = (
				D88AFD1B8E682BED0B3C6D37 /* [CP] Check Pods Manifest.lock */,
				AC83BFBC26D3DD9600513A07 /* Sources */,
				AC83BFBD26D3DD9600513A07 /* Frameworks */,
				AC83BFBE26D3DD9600513A07 /* Resources */,
				0B09A483A13ECCA86513F2A5 /* [CP] Embed Pods Frameworks */,
			);
			buildRules = (
			);
			dependencies = (
			);
			name = HirenPrectical;
			productName = HirenPrectical;
			productReference = AC83BFC026D3DD9600513A07 /* HirenPrectical.app */;
			productType = "com.apple.product-type.application";
		};
/* End PBXNativeTarget section */

/* Begin PBXProject section */
		AC83BFB826D3DD9600513A07 /* Project object */ = {
			isa = PBXProject;
			attributes = {
				LastSwiftUpdateCheck = 1240;
				LastUpgradeCheck = 1240;
				TargetAttributes = {
					AC83BFBF26D3DD9600513A07 = {
						CreatedOnToolsVersion = 12.4;
					};
				};
			};
			buildConfigurationList = AC83BFBB26D3DD9600513A07 /* Build configuration list for PBXProject "HirenPrectical" */;
			compatibilityVersion = "Xcode 9.3";
			developmentRegion = en;
			hasScannedForEncodings = 0;
			knownRegions = (
				en,
				Base,
			);
			mainGroup = AC83BFB726D3DD9600513A07;
			productRefGroup = AC83BFC126D3DD9600513A07 /* Products */;
			projectDirPath = "";
			projectRoot = "";
			targets = (
				AC83BFBF26D3DD9600513A07 /* HirenPrectical */,
			);
		};
/* End PBXProject section */

/* Begin PBXResourcesBuildPhase section */
		AC83BFBE26D3DD9600513A07 /* Resources */ = {
			isa = PBXResourcesBuildPhase;
			buildActionMask = 2147483647;
			files = (
				AC83BFD026D3DD9800513A07 /* LaunchScreen.storyboard in Resources */,
				AC83BFCD26D3DD9800513A07 /* Assets.xcassets in Resources */,
				AC83C04526D3E1D000513A07 /* AllCityCell.xib in Resources */,
				AC83BFCB26D3DD9600513A07 /* Main.storyboard in Resources */,
			);
			runOnlyForDeploymentPostprocessing = 0;
		};
/* End PBXResourcesBuildPhase section */

/* Begin PBXShellScriptBuildPhase section */
		0B09A483A13ECCA86513F2A5 /* [CP] Embed Pods Frameworks */ = {
			isa = PBXShellScriptBuildPhase;
			buildActionMask = 2147483647;
			files = (
			);
			inputFileListPaths = (
				"${PODS_ROOT}/Target Support Files/Pods-HirenPrectical/Pods-HirenPrectical-frameworks-${CONFIGURATION}-input-files.xcfilelist",
			);
			name = "[CP] Embed Pods Frameworks";
			outputFileListPaths = (
				"${PODS_ROOT}/Target Support Files/Pods-HirenPrectical/Pods-HirenPrectical-frameworks-${CONFIGURATION}-output-files.xcfilelist",
			);
			runOnlyForDeploymentPostprocessing = 0;
			shellPath = /bin/sh;
			shellScript = "\"${PODS_ROOT}/Target Support Files/Pods-HirenPrectical/Pods-HirenPrectical-frameworks.sh\"\n";
			showEnvVarsInLog = 0;
		};
		D88AFD1B8E682BED0B3C6D37 /* [CP] Check Pods Manifest.lock */ = {
			isa = PBXShellScriptBuildPhase;
			buildActionMask = 2147483647;
			files = (
			);
			inputFileListPaths = (
			);
			inputPaths = (
				"${PODS_PODFILE_DIR_PATH}/Podfile.lock",
				"${PODS_ROOT}/Manifest.lock",
			);
			name = "[CP] Check Pods Manifest.lock";
			outputFileListPaths = (
			);
			outputPaths = (
				"$(DERIVED_FILE_DIR)/Pods-HirenPrectical-checkManifestLockResult.txt",
			);
			runOnlyForDeploymentPostprocessing = 0;
			shellPath = /bin/sh;
			shellScript = "diff \"${PODS_PODFILE_DIR_PATH}/Podfile.lock\" \"${PODS_ROOT}/Manifest.lock\" > /dev/null\nif [ $? != 0 ] ; then\n    # print error to STDERR\n    echo \"error: The sandbox is not in sync with the Podfile.lock. Run 'pod install' or update your CocoaPods installation.\" >&2\n    exit 1\nfi\n# This output is used by Xcode 'outputs' to avoid re-running this script phase.\necho \"SUCCESS\" > \"${SCRIPT_OUTPUT_FILE_0}\"\n";
			showEnvVarsInLog = 0;
		};
/* End PBXShellScriptBuildPhase section */

/* Begin PBXSourcesBuildPhase section */
		AC83BFBC26D3DD9600513A07 /* Sources */ = {
			isa = PBXSourcesBuildPhase;
			buildActionMask = 2147483647;
			files = (
				AC83C06A26D3E6FF00513A07 /* Helper.swift in Sources */,
				AC83C04B26D3E1F600513A07 /* AllCityModel.swift in Sources */,
				AC83BFC826D3DD9600513A07 /* ViewController.swift in Sources */,
				AC83BFC426D3DD9600513A07 /* AppDelegate.swift in Sources */,
				AC83BFE626D3E07700513A07 /* ChicagoCityVC.swift in Sources */,
				AC83BFEA26D3E08700513A07 /* LosAngelesCityVC.swift in Sources */,
				AC83BFC626D3DD9600513A07 /* SceneDelegate.swift in Sources */,
				AC83BFF026D3E0AA00513A07 /* AllCityVC.swift in Sources */,
				AC83C04226D3E1C100513A07 /* AllCityCell.swift in Sources */,
				AC83C04F26D3E22B00513A07 /* Global.swift in Sources */,
				AC83BFED26D3E09A00513A07 /* NewYorkCityVC.swift in Sources */,
			);
			runOnlyForDeploymentPostprocessing = 0;
		};
/* End PBXSourcesBuildPhase section */

/* Begin PBXVariantGroup section */
		AC83BFC926D3DD9600513A07 /* Main.storyboard */ = {
			isa = PBXVariantGroup;
			children = (
				AC83BFCA26D3DD9600513A07 /* Base */,
			);
			name = Main.storyboard;
			sourceTree = "<group>";
		};
		AC83BFCE26D3DD9800513A07 /* LaunchScreen.storyboard */ = {
			isa = PBXVariantGroup;
			children = (
				AC83BFCF26D3DD9800513A07 /* Base */,
			);
			name = LaunchScreen.storyboard;
			sourceTree = "<group>";
		};
/* End PBXVariantGroup section */

/* Begin XCBuildConfiguration section */
		AC83BFD226D3DD9800513A07 /* Debug */ = {
			isa = XCBuildConfiguration;
			buildSettings = {
				ALWAYS_SEARCH_USER_PATHS = NO;
				CLANG_ANALYZER_NONNULL = YES;
				CLANG_ANALYZER_NUMBER_OBJECT_CONVERSION = YES_AGGRESSIVE;
				CLANG_CXX_LANGUAGE_STANDARD = "gnu++14";
				CLANG_CXX_LIBRARY = "libc++";
				CLANG_ENABLE_MODULES = YES;
				CLANG_ENABLE_OBJC_ARC = YES;
				CLANG_ENABLE_OBJC_WEAK = YES;
				CLANG_WARN_BLOCK_CAPTURE_AUTORELEASING = YES;
				CLANG_WARN_BOOL_CONVERSION = YES;
				CLANG_WARN_COMMA = YES;
				CLANG_WARN_CONSTANT_CONVERSION = YES;
				CLANG_WARN_DEPRECATED_OBJC_IMPLEMENTATIONS = YES;
				CLANG_WARN_DIRECT_OBJC_ISA_USAGE = YES_ERROR;
				CLANG_WARN_DOCUMENTATION_COMMENTS = YES;
				CLANG_WARN_EMPTY_BODY = YES;
				CLANG_WARN_ENUM_CONVERSION = YES;
				CLANG_WARN_INFINITE_RECURSION = YES;
				CLANG_WARN_INT_CONVERSION = YES;
				CLANG_WARN_NON_LITERAL_NULL_CONVERSION = YES;
				CLANG_WARN_OBJC_IMPLICIT_RETAIN_SELF = YES;
				CLANG_WARN_OBJC_LITERAL_CONVERSION = YES;
				CLANG_WARN_OBJC_ROOT_CLASS = YES_ERROR;
				CLANG_WARN_QUOTED_INCLUDE_IN_FRAMEWORK_HEADER = YES;
				CLANG_WARN_RANGE_LOOP_ANALYSIS = YES;
				CLANG_WARN_STRICT_PROTOTYPES = YES;
				CLANG_WARN_SUSPICIOUS_MOVE = YES;
				CLANG_WARN_UNGUARDED_AVAILABILITY = YES_AGGRESSIVE;
				CLANG_WARN_UNREACHABLE_CODE = YES;
				CLANG_WARN__DUPLICATE_METHOD_MATCH = YES;
				COPY_PHASE_STRIP = NO;
				DEBUG_INFORMATION_FORMAT = dwarf;
				ENABLE_STRICT_OBJC_MSGSEND = YES;
				ENABLE_TESTABILITY = YES;
				GCC_C_LANGUAGE_STANDARD = gnu11;
				GCC_DYNAMIC_NO_PIC = NO;
				GCC_NO_COMMON_BLOCKS = YES;
				GCC_OPTIMIZATION_LEVEL = 0;
				GCC_PREPROCESSOR_DEFINITIONS = (
					"DEBUG=1",
					"$(inherited)",
				);
				GCC_WARN_64_TO_32_BIT_CONVERSION = YES;
				GCC_WARN_ABOUT_RETURN_TYPE = YES_ERROR;
				GCC_WARN_UNDECLARED_SELECTOR = YES;
				GCC_WARN_UNINITIALIZED_AUTOS = YES_AGGRESSIVE;
				GCC_WARN_UNUSED_FUNCTION = YES;
				GCC_WARN_UNUSED_VARIABLE = YES;
				IPHONEOS_DEPLOYMENT_TARGET = 14.4;
				MTL_ENABLE_DEBUG_INFO = INCLUDE_SOURCE;
				MTL_FAST_MATH = YES;
				ONLY_ACTIVE_ARCH = YES;
				SDKROOT = iphoneos;
				SWIFT_ACTIVE_COMPILATION_CONDITIONS = DEBUG;
				SWIFT_OPTIMIZATION_LEVEL = "-Onone";
			};
			name = Debug;
		};
		AC83BFD326D3DD9800513A07 /* Release */ = {
			isa = XCBuildConfiguration;
			buildSettings = {
				ALWAYS_SEARCH_USER_PATHS = NO;
				CLANG_ANALYZER_NONNULL = YES;
				CLANG_ANALYZER_NUMBER_OBJECT_CONVERSION = YES_AGGRESSIVE;
				CLANG_CXX_LANGUAGE_STANDARD = "gnu++14";
				CLANG_CXX_LIBRARY = "libc++";
				CLANG_ENABLE_MODULES = YES;
				CLANG_ENABLE_OBJC_ARC = YES;
				CLANG_ENABLE_OBJC_WEAK = YES;
				CLANG_WARN_BLOCK_CAPTURE_AUTORELEASING = YES;
				CLANG_WARN_BOOL_CONVERSION = YES;
				CLANG_WARN_COMMA = YES;
				CLANG_WARN_CONSTANT_CONVERSION = YES;
				CLANG_WARN_DEPRECATED_OBJC_IMPLEMENTATIONS = YES;
				CLANG_WARN_DIRECT_OBJC_ISA_USAGE = YES_ERROR;
				CLANG_WARN_DOCUMENTATION_COMMENTS = YES;
				CLANG_WARN_EMPTY_BODY = YES;
				CLANG_WARN_ENUM_CONVERSION = YES;
				CLANG_WARN_INFINITE_RECURSION = YES;
				CLANG_WARN_INT_CONVERSION = YES;
				CLANG_WARN_NON_LITERAL_NULL_CONVERSION = YES;
				CLANG_WARN_OBJC_IMPLICIT_RETAIN_SELF = YES;
				CLANG_WARN_OBJC_LITERAL_CONVERSION = YES;
				CLANG_WARN_OBJC_ROOT_CLASS = YES_ERROR;
				CLANG_WARN_QUOTED_INCLUDE_IN_FRAMEWORK_HEADER = YES;
				CLANG_WARN_RANGE_LOOP_ANALYSIS = YES;
				CLANG_WARN_STRICT_PROTOTYPES = YES;
				CLANG_WARN_SUSPICIOUS_MOVE = YES;
				CLANG_WARN_UNGUARDED_AVAILABILITY = YES_AGGRESSIVE;
				CLANG_WARN_UNREACHABLE_CODE = YES;
				CLANG_WARN__DUPLICATE_METHOD_MATCH = YES;
				COPY_PHASE_STRIP = NO;
				DEBUG_INFORMATION_FORMAT = "dwarf-with-dsym";
				ENABLE_NS_ASSERTIONS = NO;
				ENABLE_STRICT_OBJC_MSGSEND = YES;
				GCC_C_LANGUAGE_STANDARD = gnu11;
				GCC_NO_COMMON_BLOCKS = YES;
				GCC_WARN_64_TO_32_BIT_CONVERSION = YES;
				GCC_WARN_ABOUT_RETURN_TYPE = YES_ERROR;
				GCC_WARN_UNDECLARED_SELECTOR = YES;
				GCC_WARN_UNINITIALIZED_AUTOS = YES_AGGRESSIVE;
				GCC_WARN_UNUSED_FUNCTION = YES;
				GCC_WARN_UNUSED_VARIABLE = YES;
				IPHONEOS_DEPLOYMENT_TARGET = 14.4;
				MTL_ENABLE_DEBUG_INFO = NO;
				MTL_FAST_MATH = YES;
				SDKROOT = iphoneos;
				SWIFT_COMPILATION_MODE = wholemodule;
				SWIFT_OPTIMIZATION_LEVEL = "-O";
				VALIDATE_PRODUCT = YES;
			};
			name = Release;
		};
		AC83BFD526D3DD9800513A07 /* Debug */ = {
			isa = XCBuildConfiguration;
			baseConfigurationReference = 4CC5AF79C277CF8FE40F2B72 /* Pods-HirenPrectical.debug.xcconfig */;
			buildSettings = {
				ASSETCATALOG_COMPILER_APPICON_NAME = AppIcon;
				ASSETCATALOG_COMPILER_GLOBAL_ACCENT_COLOR_NAME = AccentColor;
				CODE_SIGN_STYLE = Automatic;
				DEVELOPMENT_TEAM = V9P4LGL828;
				INFOPLIST_FILE = HirenPrectical/Info.plist;
				LD_RUNPATH_SEARCH_PATHS = (
					"$(inherited)",
					"@executable_path/Frameworks",
				);
				PRODUCT_BUNDLE_IDENTIFIER = com.ia.HirenPrectical;
				PRODUCT_NAME = "$(TARGET_NAME)";
				SWIFT_VERSION = 5.0;
				TARGETED_DEVICE_FAMILY = "1,2";
			};
			name = Debug;
		};
		AC83BFD626D3DD9800513A07 /* Release */ = {
			isa = XCBuildConfiguration;
			baseConfigurationReference = 0A78BE09B9A0B3D7EDDE4AE4 /* Pods-HirenPrectical.release.xcconfig */;
			buildSettings = {
				ASSETCATALOG_COMPILER_APPICON_NAME = AppIcon;
				ASSETCATALOG_COMPILER_GLOBAL_ACCENT_COLOR_NAME = AccentColor;
				CODE_SIGN_STYLE = Automatic;
				DEVELOPMENT_TEAM = V9P4LGL828;
				INFOPLIST_FILE = HirenPrectical/Info.plist;
				LD_RUNPATH_SEARCH_PATHS = (
					"$(inherited)",
					"@executable_path/Frameworks",
				);
				PRODUCT_BUNDLE_IDENTIFIER = com.ia.HirenPrectical;
				PRODUCT_NAME = "$(TARGET_NAME)";
				SWIFT_VERSION = 5.0;
				TARGETED_DEVICE_FAMILY = "1,2";
			};
			name = Release;
		};
/* End XCBuildConfiguration section */

/* Begin XCConfigurationList section */
		AC83BFBB26D3DD9600513A07 /* Build configuration list for PBXProject "HirenPrectical" */ = {
			isa = XCConfigurationList;
			buildConfigurations = (
				AC83BFD226D3DD9800513A07 /* Debug */,
				AC83BFD326D3DD9800513A07 /* Release */,
			);
			defaultConfigurationIsVisible = 0;
			defaultConfigurationName = Release;
		};
		AC83BFD426D3DD9800513A07 /* Build configuration list for PBXNativeTarget "HirenPrectical" */ = {
			isa = XCConfigurationList;
			buildConfigurations = (
				AC83BFD526D3DD9800513A07 /* Debug */,
				AC83BFD626D3DD9800513A07 /* Release */,
			);
			defaultConfigurationIsVisible = 0;
			defaultConfigurationName = Release;
		};
/* End XCConfigurationList section */
	};
	rootObject = AC83BFB826D3DD9600513A07 /* Project object */;
}
